
Microsoft Visual Studio Solution File, Format Version 12.00
# Visual Studio Version 17
VisualStudioVersion = 17.4.32912.340
MinimumVisualStudioVersion = 10.0.40219.1
Project("{FAE04EC0-301F-11D3-BF4B-00C04F79EFBC}") = "Enums", "Enums.csproj", "{459B0CE9-4165-4384-9AEE-1D9392261C67}"
EndProject
Global
	GlobalSection(SolutionConfigurationPlatforms) = preSolution
		Debug|Any CPU = Debug|Any CPU
		Release|Any CPU = Release|Any CPU
	EndGlobalSection
	GlobalSection(ProjectConfigurationPlatforms) = postSolution
		{459B0CE9-4165-4384-9AEE-1D9392261C67}.Debug|Any CPU.ActiveCfg = Debug|Any CPU
		{459B0CE9-4165-4384-9AEE-1D9392261C67}.Debug|Any CPU.Build.0 = Debug|Any CPU
		{459B0CE9-4165-4384-9AEE-1D9392261C67}.Release|Any CPU.ActiveCfg = Release|Any CPU
		{459B0CE9-4165-4384-9AEE-1D9392261C67}.Release|Any CPU.Build.0 = Release|Any CPU
	EndGlobalSection
	GlobalSection(SolutionProperties) = preSolution
		HideSolutionNode = FALSE
	EndGlobalSection
	GlobalSection(ExtensibilityGlobals) = postSolution
		SolutionGuid = {DCF18804-9137-4F00-8237-5453E1423F90}
	EndGlobalSection
EndGlobal
